# THIS IS AN AUTOGENERATED FILE. DO NOT EDIT THIS FILE DIRECTLY.
# yarn lockfile v1


"@napi-rs/triples@^1.0.3":
  version "1.0.3"
  resolved "https://registry.yarnpkg.com/@napi-rs/triples/-/triples-1.0.3.tgz#76d6d0c3f4d16013c61e45dfca5ff1e6c31ae53c"
  integrity sha512-jDJTpta+P4p1NZTFVLHJ/TLFVYVcOqv6l8xwOeBKNPMgY/zDYH/YH7SJbvrr/h1RcS9GzbPcLKGzpuK9cV56UA==

"@node-rs/helper@^1.0.0":
  version "1.2.1"
  resolved "https://registry.yarnpkg.com/@node-rs/helper/-/helper-1.2.1.tgz#e079b05f21ff4329d82c4e1f71c0290e4ecdc70c"
  integrity sha512-R5wEmm8nbuQU0YGGmYVjEc0OHtYsuXdpRG+Ut/3wZ9XAvQWyThN08bTh2cBJgoZxHQUPtvRfeQuxcAgLuiBISg==
  dependencies:
    "@napi-rs/triples" "^1.0.3"

"@swc-node/core@^1.8.0":
  version "1.8.0"
  resolved "https://registry.yarnpkg.com/@swc-node/core/-/core-1.8.0.tgz#76389ab2881bd9caa5ccf90932856455271c53da"
  integrity sha512-oolF9LG4GP6NhUMWqGi2bDomE3v0CYmNl/kJN2+Hh+iYLdv7l36B0GWFGLnSnq0sWyjrp+1Ur7MZTZFGnK1a3w==
  dependencies:
    "@swc/core" "^1.2.104"

"@swc-node/register@^1.4.0":
  version "1.4.0"
  resolved "https://registry.yarnpkg.com/@swc-node/register/-/register-1.4.0.tgz#bbd3c445ae95be1bf1cf247a7fb4174b2516c055"
  integrity sha512-CYWzafuOLjzFdjogPb6zgxonF564HSA0Pzo6KtcLsszJq2+ylyPl/RgdxhrD8FfRPLVabiG3GZ7gagX+70jQCA==
  dependencies:
    "@swc-node/core" "^1.8.0"
    "@swc-node/sourcemap-support" "^0.1.10"
    chalk "^4.1.2"
    debug "^4.3.2"
    pirates "^4.0.1"
    tslib "^2.3.1"
    typescript "^4.4.4"

"@swc-node/sourcemap-support@^0.1.10":
  version "0.1.10"
  resolved "https://registry.yarnpkg.com/@swc-node/sourcemap-support/-/sourcemap-support-0.1.10.tgz#85b9b3951a0581dd2493333a956f92260c982b66"
  integrity sha512-t+AhsxpSYxqQfrFJ8LMSXvJ4qMjTyVMFJ1bcmebo3fbmIGOjyev9uUToOsItocxNFIYcbO3NfbzwlD2YCQwv7w==
  dependencies:
    source-map-support "^0.5.20"

"@swc/core-android-arm64@^1.2.111":
  version "1.2.111"
  resolved "https://registry.yarnpkg.com/@swc/core-android-arm64/-/core-android-arm64-1.2.111.tgz#f8431a0c976cdfecb5454aabe157eb872ca44435"
  integrity sha512-CtIw5i0kfEb2CHbbjwnH8RmeNn0CxFuzUKzzLx6Q3DuYEaV743ueM2iORSkLmwns0rcgFWBVSFIf6xJeWErlOA==

"@swc/core-darwin-arm64@^1.2.111":
  version "1.2.111"
  resolved "https://registry.yarnpkg.com/@swc/core-darwin-arm64/-/core-darwin-arm64-1.2.111.tgz#11bb438552d80213438ffd40e82d5dab3958964c"
  integrity sha512-/dMyb+7RRYJu5EgPZGyQRnCyDo4h7icBjOW7Q1MHboyQIloFBB7bfLIizRFuUzNi5T89nczfjXjzP84jPODq7Q==

"@swc/core-darwin-x64@^1.2.111":
  version "1.2.111"
  resolved "https://registry.yarnpkg.com/@swc/core-darwin-x64/-/core-darwin-x64-1.2.111.tgz#0798e498f1e12e7590718e39455ee04d9fd17f93"
  integrity sha512-C0K7pLWG5VdGHBgdOFG4pU4d3kCLCyFcJ6DzRpkFzsWfdxekqPatNfrhkPoK6g1xmYRu6wDN91KTszBlvHXHYg==

"@swc/core-freebsd-x64@^1.2.111":
  version "1.2.111"
  resolved "https://registry.yarnpkg.com/@swc/core-freebsd-x64/-/core-freebsd-x64-1.2.111.tgz#695358972cb5c5a0acbba39532093958ae5510fb"
  integrity sha512-vpzTanJ6pwlMmtwLtu7622+ewC4BrkLoZuI9kxki5EoAqDZDT5zS/VYEjRNntfcNrEgu6/HqtZ8wjCZWcRN23w==

"@swc/core-linux-arm-gnueabihf@^1.2.111":
  version "1.2.111"
  resolved "https://registry.yarnpkg.com/@swc/core-linux-arm-gnueabihf/-/core-linux-arm-gnueabihf-1.2.111.tgz#1ba5c973a3254274dcb82bbfc37972a8de181ef5"
  integrity sha512-E4220K7pDIJy3GcVzoaX5xTvPiEfDaA9/YqT9jEG+y5mShYhVHnariDWFfeQ7EMcziCbuk0+HJnYC155V/3F8w==

"@swc/core-linux-arm64-gnu@^1.2.111":
  version "1.2.111"
  resolved "https://registry.yarnpkg.com/@swc/core-linux-arm64-gnu/-/core-linux-arm64-gnu-1.2.111.tgz#f07850a6a9dbde4d60584a8d3290971675c51815"
  integrity sha512-b5Y3WogFfr1rK7rLPEKPInzZsO9uKlu2Or2feGo1jf4ISpJTEo4FHTXOANeUbSxXqKtnSKS4yXglz8z0oO3WKA==

"@swc/core-linux-arm64-musl@^1.2.111":
  version "1.2.111"
  resolved "https://registry.yarnpkg.com/@swc/core-linux-arm64-musl/-/core-linux-arm64-musl-1.2.111.tgz#c9b151b4505f9436acfe2e15eff2a3223382d31f"
  integrity sha512-iWzAEpc4wScjxge4ctWB0lL2/8M1Z0v8dHtE8mM/4ye6yUAo9QRDipRKVeRQ7sxjcvZoyNxJ3e1oo3uTPUdUeA==

"@swc/core-linux-x64-gnu@^1.2.111":
  version "1.2.111"
  resolved "https://registry.yarnpkg.com/@swc/core-linux-x64-gnu/-/core-linux-x64-gnu-1.2.111.tgz#d0cd9ee10958854eea7ea048ecee9bc1f8960384"
  integrity sha512-jJaKxsy7ePZ1dB+LQKAFNsprYMeeMeOaoE7o3fyOZba+FBJ1iR8EgZg68OJLmqawHpBk/pn2PefaJXejUQyxjA==

"@swc/core-linux-x64-musl@^1.2.111":
  version "1.2.111"
  resolved "https://registry.yarnpkg.com/@swc/core-linux-x64-musl/-/core-linux-x64-musl-1.2.111.tgz#0c639bcc2975f5a562aab1ac126236bf488b8edb"
  integrity sha512-JNSOePB9GqLOMpVSm2hii2ApzKaMYdbifCBoefl20mWNtZ/K3TLSOIlRdpEZkS4Str9p3WzksTj/gqYiTu3Ygg==

"@swc/core-win32-arm64-msvc@^1.2.111":
  version "1.2.111"
  resolved "https://registry.yarnpkg.com/@swc/core-win32-arm64-msvc/-/core-win32-arm64-msvc-1.2.111.tgz#3702b188f376c1dd47d8369afadf767120b0dfa4"
  integrity sha512-73wLT42Tet2qPQxzr5CpZQwxuX0u+r1xTGpNOFYo8vdtjmPdWwbZZaMafIehol/G6NBiDZMuqonwMik6u1e2+A==

"@swc/core-win32-ia32-msvc@^1.2.111":
  version "1.2.111"
  resolved "https://registry.yarnpkg.com/@swc/core-win32-ia32-msvc/-/core-win32-ia32-msvc-1.2.111.tgz#08c9d68da2d3d5a7966f3d7544ca7cf5fc17a5f5"
  integrity sha512-8XmYrlv1/Gl2fLbC46dJweXKfDBXrEzhdl+bYG+M3Xw3JE/gJIP/weQj+pweF12wNEQd7Z+fEw40jcG3z/dE1A==

"@swc/core-win32-x64-msvc@^1.2.111":
  version "1.2.111"
  resolved "https://registry.yarnpkg.com/@swc/core-win32-x64-msvc/-/core-win32-x64-msvc-1.2.111.tgz#f06487fa41bd2354ce2741190debdffdbbf9447a"
  integrity sha512-dpvQuuq9IDZAtB3p3bibz2K+hoxUDL+SjxDjZWvSA8ZjRRB9AXtvBHknQyXA2LHGKO+0unlK+goO0Q2VDzzQ7w==

"@swc/core@^1.2.104":
  version "1.2.111"
  resolved "https://registry.yarnpkg.com/@swc/core/-/core-1.2.111.tgz#1677c615b05402c32dc5f5c6f2dc496cf34a2c4c"
  integrity sha512-efI4NV08apB6hpWuJr9SCR5Zr8hqbhqMtSMJc3YBqKutUJppOQfcN7AMm+lI4Me3kwgVpgKC+E5lviUX6N++qA==
  dependencies:
    "@node-rs/helper" "^1.0.0"
  optionalDependencies:
    "@swc/core-android-arm64" "^1.2.111"
    "@swc/core-darwin-arm64" "^1.2.111"
    "@swc/core-darwin-x64" "^1.2.111"
    "@swc/core-freebsd-x64" "^1.2.111"
    "@swc/core-linux-arm-gnueabihf" "^1.2.111"
    "@swc/core-linux-arm64-gnu" "^1.2.111"
    "@swc/core-linux-arm64-musl" "^1.2.111"
    "@swc/core-linux-x64-gnu" "^1.2.111"
    "@swc/core-linux-x64-musl" "^1.2.111"
    "@swc/core-win32-arm64-msvc" "^1.2.111"
    "@swc/core-win32-ia32-msvc" "^1.2.111"
    "@swc/core-win32-x64-msvc" "^1.2.111"

"@types/node@^16.11.10":
  version "16.11.10"
  resolved "https://registry.yarnpkg.com/@types/node/-/node-16.11.10.tgz#2e3ad0a680d96367103d3e670d41c2fed3da61ae"
  integrity sha512-3aRnHa1KlOEEhJ6+CvyHKK5vE9BcLGjtUpwvqYLRvYNQKMfabu3BwfJaA/SLW8dxe28LsNDjtHwePTuzn3gmOA==

ansi-styles@^4.1.0:
  version "4.3.0"
  resolved "https://registry.yarnpkg.com/ansi-styles/-/ansi-styles-4.3.0.tgz#edd803628ae71c04c85ae7a0906edad34b648937"
  integrity sha512-zbB9rCJAT1rbjiVDb2hqKFHNYLxgtk8NURxZ3IZwD3F6NtxbXZQCnnSi1Lkx+IDohdPlFp222wVALIheZJQSEg==
  dependencies:
    color-convert "^2.0.1"

buffer-from@^1.0.0:
  version "1.1.2"
  resolved "https://registry.yarnpkg.com/buffer-from/-/buffer-from-1.1.2.tgz#2b146a6fd72e80b4f55d255f35ed59a3a9a41bd5"
  integrity sha512-E+XQCRwSbaaiChtv6k6Dwgc+bx+Bs6vuKJHHl5kox/BaKbhiXzqQOwK4cO22yElGp2OCmjwVhT3HmxgyPGnJfQ==

chalk@^4.1.2:
  version "4.1.2"
  resolved "https://registry.yarnpkg.com/chalk/-/chalk-4.1.2.tgz#aac4e2b7734a740867aeb16bf02aad556a1e7a01"
  integrity sha512-oKnbhFyRIXpUuez8iBMmyEa4nbj4IOQyuhc/wy9kY7/WVPcwIO9VA668Pu8RkO7+0G76SLROeyw9CpQ061i4mA==
  dependencies:
    ansi-styles "^4.1.0"
    supports-color "^7.1.0"

color-convert@^2.0.1:
  version "2.0.1"
  resolved "https://registry.yarnpkg.com/color-convert/-/color-convert-2.0.1.tgz#72d3a68d598c9bdb3af2ad1e84f21d896abd4de3"
  integrity sha512-RRECPsj7iu/xb5oKYcsFHSppFNnsj/52OVTRKb4zP5onXwVF3zVmmToNcOfGC+CRDpfK/U584fMg38ZHCaElKQ==
  dependencies:
    color-name "~1.1.4"

color-name@~1.1.4:
  version "1.1.4"
  resolved "https://registry.yarnpkg.com/color-name/-/color-name-1.1.4.tgz#c2a09a87acbde69543de6f63fa3995c826c536a2"
  integrity sha512-dOy+3AuW3a2wNbZHIuMZpTcgjGuLU/uBL/ubcZF9OXbDo8ff4O8yVp5Bf0efS8uEoYo5q4Fx7dY9OgQGXgAsQA==

debug@^4.3.2:
  version "4.3.2"
  resolved "https://registry.yarnpkg.com/debug/-/debug-4.3.2.tgz#f0a49c18ac8779e31d4a0c6029dfb76873c7428b"
  integrity sha512-mOp8wKcvj7XxC78zLgw/ZA+6TSgkoE2C/ienthhRD298T7UNwAg9diBpLRxC0mOezLl4B0xV7M0cCO6P/O0Xhw==
  dependencies:
    ms "2.1.2"

has-flag@^4.0.0:
  version "4.0.0"
  resolved "https://registry.yarnpkg.com/has-flag/-/has-flag-4.0.0.tgz#944771fd9c81c81265c4d6941860da06bb59479b"
  integrity sha512-EykJT/Q1KjTWctppgIAgfSO0tKVuZUjhgMr17kqTumMl6Afv3EISleU7qZUzoXDFTAHTDC4NOoG/ZxU3EvlMPQ==

ms@2.1.2:
  version "2.1.2"
  resolved "https://registry.yarnpkg.com/ms/-/ms-2.1.2.tgz#d09d1f357b443f493382a8eb3ccd183872ae6009"
  integrity sha512-sGkPx+VjMtmA6MX27oA4FBFELFCZZ4S4XqeGOXCv68tT+jb3vk/RyaKWP0PTKyWtmLSM0b+adUTEvbs1PEaH2w==

node-modules-regexp@^1.0.0:
  version "1.0.0"
  resolved "https://registry.yarnpkg.com/node-modules-regexp/-/node-modules-regexp-1.0.0.tgz#8d9dbe28964a4ac5712e9131642107c71e90ec40"
  integrity sha1-jZ2+KJZKSsVxLpExZCEHxx6Q7EA=

pirates@^4.0.1:
  version "4.0.1"
  resolved "https://registry.yarnpkg.com/pirates/-/pirates-4.0.1.tgz#643a92caf894566f91b2b986d2c66950a8e2fb87"
  integrity sha512-WuNqLTbMI3tmfef2TKxlQmAiLHKtFhlsCZnPIpuv2Ow0RDVO8lfy1Opf4NUzlMXLjPl+Men7AuVdX6TA+s+uGA==
  dependencies:
    node-modules-regexp "^1.0.0"

source-map-support@^0.5.20:
  version "0.5.21"
  resolved "https://registry.yarnpkg.com/source-map-support/-/source-map-support-0.5.21.tgz#04fe7c7f9e1ed2d662233c28cb2b35b9f63f6e4f"
  integrity sha512-uBHU3L3czsIyYXKX88fdrGovxdSCoTGDRZ6SYXtSRxLZUzHg5P/66Ht6uoUlHu9EZod+inXhKo3qQgwXUT/y1w==
  dependencies:
    buffer-from "^1.0.0"
    source-map "^0.6.0"

source-map@^0.6.0:
  version "0.6.1"
  resolved "https://registry.yarnpkg.com/source-map/-/source-map-0.6.1.tgz#74722af32e9614e9c287a8d0bbde48b5e2f1a263"
  integrity sha512-UjgapumWlbMhkBgzT7Ykc5YXUT46F0iKu8SGXq0bcwP5dz/h0Plj6enJqjz1Zbq2l5WaqYnrVbwWOWMyF3F47g==

supports-color@^7.1.0:
  version "7.2.0"
  resolved "https://registry.yarnpkg.com/supports-color/-/supports-color-7.2.0.tgz#1b7dcdcb32b8138801b3e478ba6a51caa89648da"
  integrity sha512-qpCAvRl9stuOHveKsn7HncJRvv501qIacKzQlO/+Lwxc9+0q2wLyv4Dfvt80/DPn2pqOBsJdDiogXGR9+OvwRw==
  dependencies:
    has-flag "^4.0.0"

tslib@^2.3.1:
  version "2.3.1"
  resolved "https://registry.yarnpkg.com/tslib/-/tslib-2.3.1.tgz#e8a335add5ceae51aa261d32a490158ef042ef01"
  integrity sha512-77EbyPPpMz+FRFRuAFlWMtmgUWGe9UOG2Z25NqCwiIjRhOf5iKGuzSe5P2w1laq+FkRy4p+PCuVkJSGkzTEKVw==

typescript@^4.4.4:
  version "4.5.2"
  resolved "https://registry.yarnpkg.com/typescript/-/typescript-4.5.2.tgz#8ac1fba9f52256fdb06fb89e4122fa6a346c2998"
  integrity sha512-5BlMof9H1yGt0P8/WF+wPNw6GfctgGjXp5hkblpyT+8rkASSmkUKMXrxR0Xg8ThVCi/JnHQiKXeBaEwCeQwMFw==
